
Microsoft Visual Studio Solution File, Format Version 12.00
# Visual Studio Version 17
VisualStudioVersion = 17.13.36105.23 d17.13
MinimumVisualStudioVersion = 10.0.40219.1
Project("{FAE04EC0-301F-11D3-BF4B-00C04F79EFBC}") = "graphql-back", "graphql-back.csproj", "{F48A905E-BD80-40D1-18ED-ACFF2F63135B}"
EndProject
Global
	GlobalSection(SolutionConfigurationPlatforms) = preSolution
		Debug|Any CPU = Debug|Any CPU
		Release|Any CPU = Release|Any CPU
	EndGlobalSection
	GlobalSection(ProjectConfigurationPlatforms) = postSolution
		{F48A905E-BD80-40D1-18ED-ACFF2F63135B}.Debug|Any CPU.ActiveCfg = Debug|Any CPU
		{F48A905E-BD80-40D1-18ED-ACFF2F63135B}.Debug|Any CPU.Build.0 = Debug|Any CPU
		{F48A905E-BD80-40D1-18ED-ACFF2F63135B}.Release|Any CPU.ActiveCfg = Release|Any CPU
		{F48A905E-BD80-40D1-18ED-ACFF2F63135B}.Release|Any CPU.Build.0 = Release|Any CPU
	EndGlobalSection
	GlobalSection(SolutionProperties) = preSolution
		HideSolutionNode = FALSE
	EndGlobalSection
	GlobalSection(ExtensibilityGlobals) = postSolution
		SolutionGuid = {D3EA2FF8-FDF8-4C61-A908-642D277F268F}
	EndGlobalSection
EndGlobal
